{
  "name": "ralix",
  "version": "0.2.0",
  "lockfileVersion": 1,
  "requires": true,
  "dependencies": {
    "@rails/ujs": {
      "version": "6.0.0-rc1",
      "resolved": "https://registry.npmjs.org/@rails/ujs/-/ujs-6.0.0-rc1.tgz",
      "integrity": "sha512-BpqXn2fTygDPRatrSVJ+DVaQnRJrwU82x2VvtEyY9crYmeUj0diJOrR/30MAXZ7u62zglniMEZFoajRB7JANLg=="
    }
  }
}
