# THIS IS AN AUTOGENERATED FILE. DO NOT EDIT THIS FILE DIRECTLY.
# yarn lockfile v1


"@asamuzakjp/css-color@^5.1.11":
  version "5.1.11"
  resolved "https://registry.yarnpkg.com/@asamuzakjp/css-color/-/css-color-5.1.11.tgz#28a0aac8220a4cc19045ac3bd9a813d4060bd375"
  integrity sha512-KVw6qIiCTUQhByfTd78h2yD1/00waTmm9uy/R7Ck/ctUyAPj+AEDLkQIdJW0T8+qGgj3j5bpNKK7Q3G+LedJWg==
  dependencies:
    "@asamuzakjp/generational-cache" "^1.0.1"
    "@csstools/css-calc" "^3.2.0"
    "@csstools/css-color-parser" "^4.1.0"
    "@csstools/css-parser-algorithms" "^4.0.0"
    "@csstools/css-tokenizer" "^4.0.0"

"@asamuzakjp/dom-selector@^7.1.1":
  version "7.1.1"
  resolved "https://registry.yarnpkg.com/@asamuzakjp/dom-selector/-/dom-selector-7.1.1.tgz#01880086bb2490098f167beb58555da1a6c9adbd"
  integrity sha512-67RZDnYRc8H/8MLDgQCDE//zoqVFwajkepHZgmXrbwybzXOEwOWGPYGmALYl9J2DOLfFPPs6kKCqmbzV895hTQ==
  dependencies:
    "@asamuzakjp/generational-cache" "^1.0.1"
    "@asamuzakjp/nwsapi" "^2.3.9"
    bidi-js "^1.0.3"
    css-tree "^3.2.1"
    is-potential-custom-element-name "^1.0.1"

"@asamuzakjp/generational-cache@^1.0.1":
  version "1.0.1"
  resolved "https://registry.yarnpkg.com/@asamuzakjp/generational-cache/-/generational-cache-1.0.1.tgz#3d0bf6be4fc059851390a7070720c6007af793ec"
  integrity sha512-wajfB8KqzMCN2KGNFdLkReeHncd0AslUSrvHVvvYWuU8ghncRJoA50kT3zP9MVL0+9g4/67H+cdvBskj9THPzg==

"@asamuzakjp/nwsapi@^2.3.9":
  version "2.3.9"
  resolved "https://registry.yarnpkg.com/@asamuzakjp/nwsapi/-/nwsapi-2.3.9.tgz#ad5549322dfe9d153d4b4dd6f7ff2ae234b06e24"
  integrity sha512-n8GuYSrI9bF7FFZ/SjhwevlHc8xaVlb/7HmHelnc/PZXBD2ZR49NnN9sMMuDdEGPeeRQ5d0hqlSlEpgCX3Wl0Q==

"@bramus/specificity@^2.4.2":
  version "2.4.2"
  resolved "https://registry.yarnpkg.com/@bramus/specificity/-/specificity-2.4.2.tgz#aa8db8eb173fdee7324f82284833106adeecc648"
  integrity sha512-ctxtJ/eA+t+6q2++vj5j7FYX3nRu311q1wfYH3xjlLOsczhlhxAg2FWNUXhpGvAw3BWo1xBcvOV6/YLc2r5FJw==
  dependencies:
    css-tree "^3.0.0"

"@csstools/color-helpers@^6.0.2":
  version "6.0.2"
  resolved "https://registry.yarnpkg.com/@csstools/color-helpers/-/color-helpers-6.0.2.tgz#82c59fd30649cf0b4d3c82160489748666e6550b"
  integrity sha512-LMGQLS9EuADloEFkcTBR3BwV/CGHV7zyDxVRtVDTwdI2Ca4it0CCVTT9wCkxSgokjE5Ho41hEPgb8OEUwoXr6Q==

"@csstools/css-calc@^3.2.0", "@csstools/css-calc@^3.2.1":
  version "3.2.1"
  resolved "https://registry.yarnpkg.com/@csstools/css-calc/-/css-calc-3.2.1.tgz#b30e061ca9f297ccb2b3b032bfee32fda02b1b27"
  integrity sha512-DtdHlgXh5ZkA43cwBcAm+huzgJiwx3ZTWVjBs94kwz2xKqSimDA3lBgCjphYgwgVUMWatSM0pDd8TILB1yrVVg==

"@csstools/css-color-parser@^4.1.0":
  version "4.1.1"
  resolved "https://registry.yarnpkg.com/@csstools/css-color-parser/-/css-color-parser-4.1.1.tgz#70c322112e2aafb0b09f34b51ce3482db6aab2ac"
  integrity sha512-eZ5XOtyhK+mggRafYUWzA0tvaYOFgdY8AkgQiCJF9qNAePnUo/zmsqqYubBBb3sQ8uNUaSKTY9s9klfRaAXL0g==
  dependencies:
    "@csstools/color-helpers" "^6.0.2"
    "@csstools/css-calc" "^3.2.1"

"@csstools/css-parser-algorithms@^4.0.0":
  version "4.0.0"
  resolved "https://registry.yarnpkg.com/@csstools/css-parser-algorithms/-/css-parser-algorithms-4.0.0.tgz#e1c65dc09378b42f26a111fca7f7075fc2c26164"
  integrity sha512-+B87qS7fIG3L5h3qwJ/IFbjoVoOe/bpOdh9hAjXbvx0o8ImEmUsGXN0inFOnk2ChCFgqkkGFQ+TpM5rbhkKe4w==

"@csstools/css-syntax-patches-for-csstree@^1.1.3":
  version "1.1.4"
  resolved "https://registry.yarnpkg.com/@csstools/css-syntax-patches-for-csstree/-/css-syntax-patches-for-csstree-1.1.4.tgz#8f4e5e23574e8c76005588984308d2b216993720"
  integrity sha512-wgsqt92b7C7tQhIdPNxj0n9zuUbQlvAuI1exyzeNrOKOi62SD7ren8zqszmpVREjAOqg8cD2FqYhQfAuKjk4sw==

"@csstools/css-tokenizer@^4.0.0":
  version "4.0.0"
  resolved "https://registry.yarnpkg.com/@csstools/css-tokenizer/-/css-tokenizer-4.0.0.tgz#798a33950d11226a0ebb6acafa60f5594424967f"
  integrity sha512-QxULHAm7cNu72w97JUNCBFODFaXpbDg+dP8b/oWFAZ2MTRppA3U00Y2L1HqaS4J6yBqxwa/Y3nMBaxVKbB/NsA==

"@exodus/bytes@^1.11.0", "@exodus/bytes@^1.15.0", "@exodus/bytes@^1.6.0":
  version "1.15.1"
  resolved "https://registry.yarnpkg.com/@exodus/bytes/-/bytes-1.15.1.tgz#b13bc464ca162c17abf0837fb3a11aeab79e45d1"
  integrity sha512-S6mL0yNB/Abt9Ei4tq8gDhcczc4S3+vQ4ra7vxnAf+YHC02srtqxKKZghx2Dq6p0e66THKwR6r8N6P95wEty7Q==

"@types/trusted-types@^2.0.7":
  version "2.0.7"
  resolved "https://registry.yarnpkg.com/@types/trusted-types/-/trusted-types-2.0.7.tgz#baccb07a970b91707df3a3e8ba6896c57ead2d11"
  integrity sha512-ScaPdn1dQczgbl0QFTeTOmVHFULt394XJgOQNoyVhZ6r2vLnMLJfBPd53SB52T/3G36VI1/g2MZaX0cwDuXsfw==

bidi-js@^1.0.3:
  version "1.0.3"
  resolved "https://registry.yarnpkg.com/bidi-js/-/bidi-js-1.0.3.tgz#6f8bcf3c877c4d9220ddf49b9bb6930c88f877d2"
  integrity sha512-RKshQI1R3YQ+n9YJz2QQ147P66ELpa1FQEg20Dk8oW9t2KgLbpDLLp9aGZ7y8WHSshDknG0bknqGw5/tyCs5tw==
  dependencies:
    require-from-string "^2.0.2"

css-tree@^3.0.0, css-tree@^3.2.1:
  version "3.2.1"
  resolved "https://registry.yarnpkg.com/css-tree/-/css-tree-3.2.1.tgz#86cac7011561272b30e6b1e042ba6ce047aa7518"
  integrity sha512-X7sjQzceUhu1u7Y/ylrRZFU2FS6LRiFVp6rKLPg23y3x3c3DOKAwuXGDp+PAGjh6CSnCjYeAul8pcT8bAl+lSA==
  dependencies:
    mdn-data "2.27.1"
    source-map-js "^1.2.1"

data-urls@^7.0.0:
  version "7.0.0"
  resolved "https://registry.yarnpkg.com/data-urls/-/data-urls-7.0.0.tgz#6dce8b63226a1ecfdd907ce18a8ccfb1eee506d3"
  integrity sha512-23XHcCF+coGYevirZceTVD7NdJOqVn+49IHyxgszm+JIiHLoB2TkmPtsYkNWT1pvRSGkc35L6NHs0yHkN2SumA==
  dependencies:
    whatwg-mimetype "^5.0.0"
    whatwg-url "^16.0.0"

decimal.js@^10.6.0:
  version "10.6.0"
  resolved "https://registry.yarnpkg.com/decimal.js/-/decimal.js-10.6.0.tgz#e649a43e3ab953a72192ff5983865e509f37ed9a"
  integrity sha512-YpgQiITW3JXGntzdUmyUR1V812Hn8T1YVXhCu+wO3OpS4eU9l4YdD3qjyiKdV6mvV29zapkMeD390UVEf2lkUg==

dompurify@^3.2.6:
  version "3.4.7"
  resolved "https://registry.yarnpkg.com/dompurify/-/dompurify-3.4.7.tgz#e2702ea4fd5d83467f1baef62309466ce7d44a82"
  integrity sha512-2jBxDJY4RR06tQNy4w5FlFH7kfxsQZlufd0sbv+chfHCxeJwrFw2baUDsSwvBISD4K4RDbd0PTfy3uNXsR6siA==
  optionalDependencies:
    "@types/trusted-types" "^2.0.7"

entities@^8.0.0:
  version "8.0.0"
  resolved "https://registry.yarnpkg.com/entities/-/entities-8.0.0.tgz#c1df5fe3602429747fa233d0dd26f142f0ce4743"
  integrity sha512-zwfzJecQ/Uej6tusMqwAqU/6KL2XaB2VZ2Jg54Je6ahNBGNH6Ek6g3jjNCF0fG9EWQKGZNddNjU5F1ZQn/sBnA==

html-encoding-sniffer@^6.0.0:
  version "6.0.0"
  resolved "https://registry.yarnpkg.com/html-encoding-sniffer/-/html-encoding-sniffer-6.0.0.tgz#f8d9390b3b348b50d4f61c16dd2ef5c05980a882"
  integrity sha512-CV9TW3Y3f8/wT0BRFc1/KAVQ3TUHiXmaAb6VW9vtiMFf7SLoMd1PdAc4W3KFOFETBJUb90KatHqlsZMWV+R9Gg==
  dependencies:
    "@exodus/bytes" "^1.6.0"

is-potential-custom-element-name@^1.0.1:
  version "1.0.1"
  resolved "https://registry.yarnpkg.com/is-potential-custom-element-name/-/is-potential-custom-element-name-1.0.1.tgz#171ed6f19e3ac554394edf78caa05784a45bebb5"
  integrity sha512-bCYeRA2rVibKZd+s2625gGnGF/t7DSqDs4dP7CrLA1m7jKWz6pps0LpYLJN8Q64HtmPKJ1hrN3nzPNKFEKOUiQ==

jsdom@^29.1.1:
  version "29.1.1"
  resolved "https://registry.yarnpkg.com/jsdom/-/jsdom-29.1.1.tgz#5b9704906f3cd510c34aa941ae2f8f7f8179df01"
  integrity sha512-ECi4Fi2f7BdJtUKTflYRTiaMxIB0O6zfR1fX0GXpUrf6flp8QIYn1UT20YQqdSOfk2dfkCwS8LAFoJDEppNK5Q==
  dependencies:
    "@asamuzakjp/css-color" "^5.1.11"
    "@asamuzakjp/dom-selector" "^7.1.1"
    "@bramus/specificity" "^2.4.2"
    "@csstools/css-syntax-patches-for-csstree" "^1.1.3"
    "@exodus/bytes" "^1.15.0"
    css-tree "^3.2.1"
    data-urls "^7.0.0"
    decimal.js "^10.6.0"
    html-encoding-sniffer "^6.0.0"
    is-potential-custom-element-name "^1.0.1"
    lru-cache "^11.3.5"
    parse5 "^8.0.1"
    saxes "^6.0.0"
    symbol-tree "^3.2.4"
    tough-cookie "^6.0.1"
    undici "^7.25.0"
    w3c-xmlserializer "^5.0.0"
    webidl-conversions "^8.0.1"
    whatwg-mimetype "^5.0.0"
    whatwg-url "^16.0.1"
    xml-name-validator "^5.0.0"

lru-cache@^11.3.5:
  version "11.5.1"
  resolved "https://registry.yarnpkg.com/lru-cache/-/lru-cache-11.5.1.tgz#f3daa3540847b9737ebc02499ddb36765e54db4a"
  integrity sha512-RPimw/7aMdv2oqRrxKwvZXcPfwBrn/JZ2xYcY9Hus/6LaS3VOAKVWKWgNLCFSiOm1ESXinjsDlidVU7JlnCN2A==

mdn-data@2.27.1:
  version "2.27.1"
  resolved "https://registry.yarnpkg.com/mdn-data/-/mdn-data-2.27.1.tgz#e37b9c50880b75366c4d40ac63d9bbcacdb61f0e"
  integrity sha512-9Yubnt3e8A0OKwxYSXyhLymGW4sCufcLG6VdiDdUGVkPhpqLxlvP5vl1983gQjJl3tqbrM731mjaZaP68AgosQ==

parse5@^8.0.1:
  version "8.0.1"
  resolved "https://registry.yarnpkg.com/parse5/-/parse5-8.0.1.tgz#f43bcd2cd683efe084075333e9ce0da7d06da31e"
  integrity sha512-z1e/HMG90obSGeidlli3hj7cbocou0/wa5HacvI3ASx34PecNjNQeaHNo5WIZpWofN9kgkqV1q5YvXe3F0FoPw==
  dependencies:
    entities "^8.0.0"

punycode@^2.3.1:
  version "2.3.1"
  resolved "https://registry.yarnpkg.com/punycode/-/punycode-2.3.1.tgz#027422e2faec0b25e1549c3e1bd8309b9133b6e5"
  integrity sha512-vYt7UD1U9Wg6138shLtLOvdAu+8DsC/ilFtEVHcH+wydcSpNE20AfSOduf6MkRFahL5FY7X1oU7nKVZFtfq8Fg==

require-from-string@^2.0.2:
  version "2.0.2"
  resolved "https://registry.yarnpkg.com/require-from-string/-/require-from-string-2.0.2.tgz#89a7fdd938261267318eafe14f9c32e598c36909"
  integrity sha512-Xf0nWe6RseziFMu+Ap9biiUbmplq6S9/p+7w7YXP/JBHhrUDDUhwa+vANyubuqfZWTveU//DYVGsDG7RKL/vEw==

saxes@^6.0.0:
  version "6.0.0"
  resolved "https://registry.yarnpkg.com/saxes/-/saxes-6.0.0.tgz#fe5b4a4768df4f14a201b1ba6a65c1f3d9988cc5"
  integrity sha512-xAg7SOnEhrm5zI3puOOKyy1OMcMlIJZYNJY7xLBwSze0UjhPLnWfj2GF2EpT0jmzaJKIWKHLsaSSajf35bcYnA==
  dependencies:
    xmlchars "^2.2.0"

source-map-js@^1.2.1:
  version "1.2.1"
  resolved "https://registry.yarnpkg.com/source-map-js/-/source-map-js-1.2.1.tgz#1ce5650fddd87abc099eda37dcff024c2667ae46"
  integrity sha512-UXWMKhLOwVKb728IUtQPXxfYU+usdybtUrK/8uGE8CQMvrhOpwvzDBwj0QhSL7MQc7vIsISBG8VQ8+IDQxpfQA==

symbol-tree@^3.2.4:
  version "3.2.4"
  resolved "https://registry.yarnpkg.com/symbol-tree/-/symbol-tree-3.2.4.tgz#430637d248ba77e078883951fb9aa0eed7c63fa2"
  integrity sha512-9QNk5KwDF+Bvz+PyObkmSYjI5ksVUYtjW7AU22r2NKcfLJcXp96hkDWU3+XndOsUb+AQ9QhfzfCT2O+CNWT5Tw==

tldts-core@^7.4.2:
  version "7.4.2"
  resolved "https://registry.yarnpkg.com/tldts-core/-/tldts-core-7.4.2.tgz#3aff536b3783a4592f8692b2d38458f620a71316"
  integrity sha512-nwEyF4vl4RSJjwSjBUmOSxc3BFPoIFdlRthJ6e+5v9P3bHNsoD06UjuqMUspqp7vsEZ1beaHi1km+optiE17yA==

tldts@^7.0.5:
  version "7.4.2"
  resolved "https://registry.yarnpkg.com/tldts/-/tldts-7.4.2.tgz#e27863cd1910c7f7a4f4b9f14e5903113ed20066"
  integrity sha512-kCwffuaH8ntKtygnWe1b4BJKWiCUH30n5KfoTr6IchcXOwR7chAOFJxFrH3vjANafUYrIA4a7SDL+nn7SiR4Sw==
  dependencies:
    tldts-core "^7.4.2"

tough-cookie@^6.0.1:
  version "6.0.1"
  resolved "https://registry.yarnpkg.com/tough-cookie/-/tough-cookie-6.0.1.tgz#a495f833836609ed983c19bc65639cfbceb54c76"
  integrity sha512-LktZQb3IeoUWB9lqR5EWTHgW/VTITCXg4D21M+lvybRVdylLrRMnqaIONLVb5mav8vM19m44HIcGq4qASeu2Qw==
  dependencies:
    tldts "^7.0.5"

tr46@^6.0.0:
  version "6.0.0"
  resolved "https://registry.yarnpkg.com/tr46/-/tr46-6.0.0.tgz#f5a1ae546a0adb32a277a2278d0d17fa2f9093e6"
  integrity sha512-bLVMLPtstlZ4iMQHpFHTR7GAGj2jxi8Dg0s2h2MafAE4uSWF98FC/3MomU51iQAMf8/qDUbKWf5GxuvvVcXEhw==
  dependencies:
    punycode "^2.3.1"

undici@^7.25.0:
  version "7.27.0"
  resolved "https://registry.yarnpkg.com/undici/-/undici-7.27.0.tgz#8f1d99dfc28273fe8a5736aa93a507850fda78c9"
  integrity sha512-+t2Z/GwkZQDtu00813aP66ygViGtPHKhhoFZpQKpKrE+9jIgES+Zw+mFNaDWOVRKiuJjuqKHzD3B1sfGg8+ZOQ==

w3c-xmlserializer@^5.0.0:
  version "5.0.0"
  resolved "https://registry.yarnpkg.com/w3c-xmlserializer/-/w3c-xmlserializer-5.0.0.tgz#f925ba26855158594d907313cedd1476c5967f6c"
  integrity sha512-o8qghlI8NZHU1lLPrpi2+Uq7abh4GGPpYANlalzWxyWteJOCsr/P+oPBA49TOLu5FTZO4d3F9MnWJfiMo4BkmA==
  dependencies:
    xml-name-validator "^5.0.0"

webidl-conversions@^8.0.1:
  version "8.0.1"
  resolved "https://registry.yarnpkg.com/webidl-conversions/-/webidl-conversions-8.0.1.tgz#0657e571fe6f06fcb15ca50ed1fdbcb495cd1686"
  integrity sha512-BMhLD/Sw+GbJC21C/UgyaZX41nPt8bUTg+jWyDeg7e7YN4xOM05YPSIXceACnXVtqyEw/LMClUQMtMZ+PGGpqQ==

whatwg-mimetype@^5.0.0:
  version "5.0.0"
  resolved "https://registry.yarnpkg.com/whatwg-mimetype/-/whatwg-mimetype-5.0.0.tgz#d8232895dbd527ceaee74efd4162008fb8a8cf48"
  integrity sha512-sXcNcHOC51uPGF0P/D4NVtrkjSU2fNsm9iog4ZvZJsL3rjoDAzXZhkm2MWt1y+PUdggKAYVoMAIYcs78wJ51Cw==

whatwg-url@^16.0.0, whatwg-url@^16.0.1:
  version "16.0.1"
  resolved "https://registry.yarnpkg.com/whatwg-url/-/whatwg-url-16.0.1.tgz#047f7f4bd36ef76b7198c172d1b1cebc66f764dd"
  integrity sha512-1to4zXBxmXHV3IiSSEInrreIlu02vUOvrhxJJH5vcxYTBDAx51cqZiKdyTxlecdKNSjj8EcxGBxNf6Vg+945gw==
  dependencies:
    "@exodus/bytes" "^1.11.0"
    tr46 "^6.0.0"
    webidl-conversions "^8.0.1"

xml-name-validator@^5.0.0:
  version "5.0.0"
  resolved "https://registry.yarnpkg.com/xml-name-validator/-/xml-name-validator-5.0.0.tgz#82be9b957f7afdacf961e5980f1bf227c0bf7673"
  integrity sha512-EvGK8EJ3DhaHfbRlETOWAS5pO9MZITeauHKJyb8wyajUfQUenkIg2MvLDTZ4T/TgIcm3HU0TFBgWWboAZ30UHg==

xmlchars@^2.2.0:
  version "2.2.0"
  resolved "https://registry.yarnpkg.com/xmlchars/-/xmlchars-2.2.0.tgz#060fe1bcb7f9c76fe2a17db86a9bc3ab894210cb"
  integrity sha512-JZnDKK8B0RCDw84FNdDAIpZK+JuJw+s7Lz8nksI7SIuU3UXJJslUthsi+uWBUYOwPFwW7W7PRLRfUKpxjtjFCw==
